{
  "requires": true,
  "lockfileVersion": 1,
  "dependencies": {
    "umtrack-wx": {
      "version": "2.3.0",
      "resolved": "http://verdaccio.caixm.cn/umtrack-wx/-/umtrack-wx-2.3.0.tgz",
      "integrity": "sha512-euc33ghG3wLKyyK6eKNVYmDI3roBy4i6hVOoAWzDFmulfMAlD7XCH1/aTcR2oLNX9YvHJqCfUoWpl1luS+1rfA=="
    }
  }
}
