# THIS IS AN AUTOGENERATED FILE. DO NOT EDIT THIS FILE DIRECTLY.
# yarn lockfile v1


umtrack-wx@^2.3.0:
  version "2.3.0"
  resolved "https://registry.npm.taobao.org/umtrack-wx/download/umtrack-wx-2.3.0.tgz#8a1ea5606038f82c0e9bb779509c06879c0f6aa2"
  integrity sha1-ih6lYGA4+CwOm7d5UJwGh5wPaqI=
